// !$*UTF8*$!
{
	archiveVersion = 1;
	classes = {
	};
	objectVersion = 56;
	objects = {

/* Begin PBXBuildFile section */
		E71DDE752CB2676F006C6C54 /* AirbnbApp.swift in Sources */ = {isa = PBXBuildFile; fileRef = E71DDE742CB2676F006C6C54 /* AirbnbApp.swift */; };
		E71DDE772CB2676F006C6C54 /* ContentView.swift in Sources */ = {isa = PBXBuildFile; fileRef = E71DDE762CB2676F006C6C54 /* ContentView.swift */; };
		E71DDE792CB26770006C6C54 /* Assets.xcassets in Resources */ = {isa = PBXBuildFile; fileRef = E71DDE782CB26770006C6C54 /* Assets.xcassets */; };
		E71DDE7C2CB26770006C6C54 /* Preview Assets.xcassets in Resources */ = {isa = PBXBuildFile; fileRef = E71DDE7B2CB26770006C6C54 /* Preview Assets.xcassets */; };
		E71DDE8F2CB2685C006C6C54 /* ExploreView.swift in Sources */ = {isa = PBXBuildFile; fileRef = E71DDE8E2CB2685C006C6C54 /* ExploreView.swift */; };
		E71DDE912CB26935006C6C54 /* ListingItemView.swift in Sources */ = {isa = PBXBuildFile; fileRef = E71DDE902CB26935006C6C54 /* ListingItemView.swift */; };
		E71DDE932CB26D41006C6C54 /* SearchAndFilterBar.swift in Sources */ = {isa = PBXBuildFile; fileRef = E71DDE922CB26D41006C6C54 /* SearchAndFilterBar.swift */; };
		E71DDE952CB273B2006C6C54 /* ListingDetailView.swift in Sources */ = {isa = PBXBuildFile; fileRef = E71DDE942CB273B2006C6C54 /* ListingDetailView.swift */; };
		E71DDE982CB27460006C6C54 /* ListingImageCarouselView.swift in Sources */ = {isa = PBXBuildFile; fileRef = E71DDE972CB27460006C6C54 /* ListingImageCarouselView.swift */; };
		E71DDE9A2CB2767F006C6C54 /* StarRateView.swift in Sources */ = {isa = PBXBuildFile; fileRef = E71DDE992CB2767F006C6C54 /* StarRateView.swift */; };
/* End PBXBuildFile section */

/* Begin PBXFileReference section */
		E71DDE712CB2676F006C6C54 /* Airbnb.app */ = {isa = PBXFileReference; explicitFileType = wrapper.application; includeInIndex = 0; path = Airbnb.app; sourceTree = BUILT_PRODUCTS_DIR; };
		E71DDE742CB2676F006C6C54 /* AirbnbApp.swift */ = {isa = PBXFileReference; lastKnownFileType = sourcecode.swift; path = AirbnbApp.swift; sourceTree = "<group>"; };
		E71DDE762CB2676F006C6C54 /* ContentView.swift */ = {isa = PBXFileReference; lastKnownFileType = sourcecode.swift; path = ContentView.swift; sourceTree = "<group>"; };
		E71DDE782CB26770006C6C54 /* Assets.xcassets */ = {isa = PBXFileReference; lastKnownFileType = folder.assetcatalog; path = Assets.xcassets; sourceTree = "<group>"; };
		E71DDE7B2CB26770006C6C54 /* Preview Assets.xcassets */ = {isa = PBXFileReference; lastKnownFileType = folder.assetcatalog; path = "Preview Assets.xcassets"; sourceTree = "<group>"; };
		E71DDE8E2CB2685C006C6C54 /* ExploreView.swift */ = {isa = PBXFileReference; lastKnownFileType = sourcecode.swift; path = ExploreView.swift; sourceTree = "<group>"; };
		E71DDE902CB26935006C6C54 /* ListingItemView.swift */ = {isa = PBXFileReference; lastKnownFileType = sourcecode.swift; path = ListingItemView.swift; sourceTree = "<group>"; };
		E71DDE922CB26D41006C6C54 /* SearchAndFilterBar.swift */ = {isa = PBXFileReference; lastKnownFileType = sourcecode.swift; path = SearchAndFilterBar.swift; sourceTree = "<group>"; };
		E71DDE942CB273B2006C6C54 /* ListingDetailView.swift */ = {isa = PBXFileReference; lastKnownFileType = sourcecode.swift; path = ListingDetailView.swift; sourceTree = "<group>"; };
		E71DDE972CB27460006C6C54 /* ListingImageCarouselView.swift */ = {isa = PBXFileReference; lastKnownFileType = sourcecode.swift; path = ListingImageCarouselView.swift; sourceTree = "<group>"; };
		E71DDE992CB2767F006C6C54 /* StarRateView.swift */ = {isa = PBXFileReference; lastKnownFileType = sourcecode.swift; path = StarRateView.swift; sourceTree = "<group>"; };
/* End PBXFileReference section */

/* Begin PBXFrameworksBuildPhase section */
		E71DDE6E2CB2676F006C6C54 /* Frameworks */ = {
			isa = PBXFrameworksBuildPhase;
			buildActionMask = 2147483647;
			files = (
			);
			runOnlyForDeploymentPostprocessing = 0;
		};
/* End PBXFrameworksBuildPhase section */

/* Begin PBXGroup section */
		E71DDE682CB2676F006C6C54 = {
			isa = PBXGroup;
			children = (
				E71DDE732CB2676F006C6C54 /* Airbnb */,
				E71DDE722CB2676F006C6C54 /* Products */,
			);
			sourceTree = "<group>";
		};
		E71DDE722CB2676F006C6C54 /* Products */ = {
			isa = PBXGroup;
			children = (
				E71DDE712CB2676F006C6C54 /* Airbnb.app */,
			);
			name = Products;
			sourceTree = "<group>";
		};
		E71DDE732CB2676F006C6C54 /* Airbnb */ = {
			isa = PBXGroup;
			children = (
				E71DDE862CB267B6006C6C54 /* Utils */,
				E71DDE852CB267AE006C6C54 /* Models */,
				E71DDE842CB267A2006C6C54 /* Extensions */,
				E71DDE832CB2679C006C6C54 /* Core */,
				E71DDE822CB26789006C6C54 /* App */,
				E71DDE762CB2676F006C6C54 /* ContentView.swift */,
				E71DDE782CB26770006C6C54 /* Assets.xcassets */,
				E71DDE7A2CB26770006C6C54 /* Preview Content */,
			);
			path = Airbnb;
			sourceTree = "<group>";
		};
		E71DDE7A2CB26770006C6C54 /* Preview Content */ = {
			isa = PBXGroup;
			children = (
				E71DDE7B2CB26770006C6C54 /* Preview Assets.xcassets */,
			);
			path = "Preview Content";
			sourceTree = "<group>";
		};
		E71DDE822CB26789006C6C54 /* App */ = {
			isa = PBXGroup;
			children = (
				E71DDE742CB2676F006C6C54 /* AirbnbApp.swift */,
			);
			path = App;
			sourceTree = "<group>";
		};
		E71DDE832CB2679C006C6C54 /* Core */ = {
			isa = PBXGroup;
			children = (
				E71DDE962CB27451006C6C54 /* Components */,
				E71DDE8D2CB267FD006C6C54 /* Wishlists */,
				E71DDE8C2CB267F3006C6C54 /* TabBar */,
				E71DDE8B2CB267EF006C6C54 /* Root */,
				E71DDE8A2CB267E9006C6C54 /* Profile */,
				E71DDE892CB267E4006C6C54 /* MapView */,
				E71DDE882CB267DF006C6C54 /* Listings */,
				E71DDE872CB267D9006C6C54 /* Explore */,
			);
			path = Core;
			sourceTree = "<group>";
		};
		E71DDE842CB267A2006C6C54 /* Extensions */ = {
			isa = PBXGroup;
			children = (
			);
			path = Extensions;
			sourceTree = "<group>";
		};
		E71DDE852CB267AE006C6C54 /* Models */ = {
			isa = PBXGroup;
			children = (
			);
			path = Models;
			sourceTree = "<group>";
		};
		E71DDE862CB267B6006C6C54 /* Utils */ = {
			isa = PBXGroup;
			children = (
			);
			path = Utils;
			sourceTree = "<group>";
		};
		E71DDE872CB267D9006C6C54 /* Explore */ = {
			isa = PBXGroup;
			children = (
				E71DDE8E2CB2685C006C6C54 /* ExploreView.swift */,
				E71DDE922CB26D41006C6C54 /* SearchAndFilterBar.swift */,
			);
			path = Explore;
			sourceTree = "<group>";
		};
		E71DDE882CB267DF006C6C54 /* Listings */ = {
			isa = PBXGroup;
			children = (
				E71DDE902CB26935006C6C54 /* ListingItemView.swift */,
				E71DDE942CB273B2006C6C54 /* ListingDetailView.swift */,
			);
			path = Listings;
			sourceTree = "<group>";
		};
		E71DDE892CB267E4006C6C54 /* MapView */ = {
			isa = PBXGroup;
			children = (
			);
			path = MapView;
			sourceTree = "<group>";
		};
		E71DDE8A2CB267E9006C6C54 /* Profile */ = {
			isa = PBXGroup;
			children = (
			);
			path = Profile;
			sourceTree = "<group>";
		};
		E71DDE8B2CB267EF006C6C54 /* Root */ = {
			isa = PBXGroup;
			children = (
			);
			path = Root;
			sourceTree = "<group>";
		};
		E71DDE8C2CB267F3006C6C54 /* TabBar */ = {
			isa = PBXGroup;
			children = (
			);
			path = TabBar;
			sourceTree = "<group>";
		};
		E71DDE8D2CB267FD006C6C54 /* Wishlists */ = {
			isa = PBXGroup;
			children = (
			);
			path = Wishlists;
			sourceTree = "<group>";
		};
		E71DDE962CB27451006C6C54 /* Components */ = {
			isa = PBXGroup;
			children = (
				E71DDE972CB27460006C6C54 /* ListingImageCarouselView.swift */,
				E71DDE992CB2767F006C6C54 /* StarRateView.swift */,
			);
			path = Components;
			sourceTree = "<group>";
		};
/* End PBXGroup section */

/* Begin PBXNativeTarget section */
		E71DDE702CB2676F006C6C54 /* Airbnb */ = {
			isa = PBXNativeTarget;
			buildConfigurationList = E71DDE7F2CB26770006C6C54 /* Build configuration list for PBXNativeTarget "Airbnb" */;
			buildPhases = (
				E71DDE6D2CB2676F006C6C54 /* Sources */,
				E71DDE6E2CB2676F006C6C54 /* Frameworks */,
				E71DDE6F2CB2676F006C6C54 /* Resources */,
			);
			buildRules = (
			);
			dependencies = (
			);
			name = Airbnb;
			productName = Airbnb;
			productReference = E71DDE712CB2676F006C6C54 /* Airbnb.app */;
			productType = "com.apple.product-type.application";
		};
/* End PBXNativeTarget section */

/* Begin PBXProject section */
		E71DDE692CB2676F006C6C54 /* Project object */ = {
			isa = PBXProject;
			attributes = {
				BuildIndependentTargetsInParallel = 1;
				LastSwiftUpdateCheck = 1510;
				LastUpgradeCheck = 1510;
				TargetAttributes = {
					E71DDE702CB2676F006C6C54 = {
						CreatedOnToolsVersion = 15.1;
					};
				};
			};
			buildConfigurationList = E71DDE6C2CB2676F006C6C54 /* Build configuration list for PBXProject "Airbnb" */;
			compatibilityVersion = "Xcode 14.0";
			developmentRegion = en;
			hasScannedForEncodings = 0;
			knownRegions = (
				en,
				Base,
			);
			mainGroup = E71DDE682CB2676F006C6C54;
			productRefGroup = E71DDE722CB2676F006C6C54 /* Products */;
			projectDirPath = "";
			projectRoot = "";
			targets = (
				E71DDE702CB2676F006C6C54 /* Airbnb */,
			);
		};
/* End PBXProject section */

/* Begin PBXResourcesBuildPhase section */
		E71DDE6F2CB2676F006C6C54 /* Resources */ = {
			isa = PBXResourcesBuildPhase;
			buildActionMask = 2147483647;
			files = (
				E71DDE7C2CB26770006C6C54 /* Preview Assets.xcassets in Resources */,
				E71DDE792CB26770006C6C54 /* Assets.xcassets in Resources */,
			);
			runOnlyForDeploymentPostprocessing = 0;
		};
/* End PBXResourcesBuildPhase section */

/* Begin PBXSourcesBuildPhase section */
		E71DDE6D2CB2676F006C6C54 /* Sources */ = {
			isa = PBXSourcesBuildPhase;
			buildActionMask = 2147483647;
			files = (
				E71DDE982CB27460006C6C54 /* ListingImageCarouselView.swift in Sources */,
				E71DDE772CB2676F006C6C54 /* ContentView.swift in Sources */,
				E71DDE912CB26935006C6C54 /* ListingItemView.swift in Sources */,
				E71DDE8F2CB2685C006C6C54 /* ExploreView.swift in Sources */,
				E71DDE932CB26D41006C6C54 /* SearchAndFilterBar.swift in Sources */,
				E71DDE952CB273B2006C6C54 /* ListingDetailView.swift in Sources */,
				E71DDE9A2CB2767F006C6C54 /* StarRateView.swift in Sources */,
				E71DDE752CB2676F006C6C54 /* AirbnbApp.swift in Sources */,
			);
			runOnlyForDeploymentPostprocessing = 0;
		};
/* End PBXSourcesBuildPhase section */

/* Begin XCBuildConfiguration section */
		E71DDE7D2CB26770006C6C54 /* Debug */ = {
			isa = XCBuildConfiguration;
			buildSettings = {
				ALWAYS_SEARCH_USER_PATHS = NO;
				ASSETCATALOG_COMPILER_GENERATE_SWIFT_ASSET_SYMBOL_EXTENSIONS = YES;
				CLANG_ANALYZER_NONNULL = YES;
				CLANG_ANALYZER_NUMBER_OBJECT_CONVERSION = YES_AGGRESSIVE;
				CLANG_CXX_LANGUAGE_STANDARD = "gnu++20";
				CLANG_ENABLE_MODULES = YES;
				CLANG_ENABLE_OBJC_ARC = YES;
				CLANG_ENABLE_OBJC_WEAK = YES;
				CLANG_WARN_BLOCK_CAPTURE_AUTORELEASING = YES;
				CLANG_WARN_BOOL_CONVERSION = YES;
				CLANG_WARN_COMMA = YES;
				CLANG_WARN_CONSTANT_CONVERSION = YES;
				CLANG_WARN_DEPRECATED_OBJC_IMPLEMENTATIONS = YES;
				CLANG_WARN_DIRECT_OBJC_ISA_USAGE = YES_ERROR;
				CLANG_WARN_DOCUMENTATION_COMMENTS = YES;
				CLANG_WARN_EMPTY_BODY = YES;
				CLANG_WARN_ENUM_CONVERSION = YES;
				CLANG_WARN_INFINITE_RECURSION = YES;
				CLANG_WARN_INT_CONVERSION = YES;
				CLANG_WARN_NON_LITERAL_NULL_CONVERSION = YES;
				CLANG_WARN_OBJC_IMPLICIT_RETAIN_SELF = YES;
				CLANG_WARN_OBJC_LITERAL_CONVERSION = YES;
				CLANG_WARN_OBJC_ROOT_CLASS = YES_ERROR;
				CLANG_WARN_QUOTED_INCLUDE_IN_FRAMEWORK_HEADER = YES;
				CLANG_WARN_RANGE_LOOP_ANALYSIS = YES;
				CLANG_WARN_STRICT_PROTOTYPES = YES;
				CLANG_WARN_SUSPICIOUS_MOVE = YES;
				CLANG_WARN_UNGUARDED_AVAILABILITY = YES_AGGRESSIVE;
				CLANG_WARN_UNREACHABLE_CODE = YES;
				CLANG_WARN__DUPLICATE_METHOD_MATCH = YES;
				COPY_PHASE_STRIP = NO;
				DEBUG_INFORMATION_FORMAT = dwarf;
				ENABLE_STRICT_OBJC_MSGSEND = YES;
				ENABLE_TESTABILITY = YES;
				ENABLE_USER_SCRIPT_SANDBOXING = YES;
				GCC_C_LANGUAGE_STANDARD = gnu17;
				GCC_DYNAMIC_NO_PIC = NO;
				GCC_NO_COMMON_BLOCKS = YES;
				GCC_OPTIMIZATION_LEVEL = 0;
				GCC_PREPROCESSOR_DEFINITIONS = (
					"DEBUG=1",
					"$(inherited)",
				);
				GCC_WARN_64_TO_32_BIT_CONVERSION = YES;
				GCC_WARN_ABOUT_RETURN_TYPE = YES_ERROR;
				GCC_WARN_UNDECLARED_SELECTOR = YES;
				GCC_WARN_UNINITIALIZED_AUTOS = YES_AGGRESSIVE;
				GCC_WARN_UNUSED_FUNCTION = YES;
				GCC_WARN_UNUSED_VARIABLE = YES;
				IPHONEOS_DEPLOYMENT_TARGET = 17.2;
				LOCALIZATION_PREFERS_STRING_CATALOGS = YES;
				MTL_ENABLE_DEBUG_INFO = INCLUDE_SOURCE;
				MTL_FAST_MATH = YES;
				ONLY_ACTIVE_ARCH = YES;
				SDKROOT = iphoneos;
				SWIFT_ACTIVE_COMPILATION_CONDITIONS = "DEBUG $(inherited)";
				SWIFT_OPTIMIZATION_LEVEL = "-Onone";
			};
			name = Debug;
		};
		E71DDE7E2CB26770006C6C54 /* Release */ = {
			isa = XCBuildConfiguration;
			buildSettings = {
				ALWAYS_SEARCH_USER_PATHS = NO;
				ASSETCATALOG_COMPILER_GENERATE_SWIFT_ASSET_SYMBOL_EXTENSIONS = YES;
				CLANG_ANALYZER_NONNULL = YES;
				CLANG_ANALYZER_NUMBER_OBJECT_CONVERSION = YES_AGGRESSIVE;
				CLANG_CXX_LANGUAGE_STANDARD = "gnu++20";
				CLANG_ENABLE_MODULES = YES;
				CLANG_ENABLE_OBJC_ARC = YES;
				CLANG_ENABLE_OBJC_WEAK = YES;
				CLANG_WARN_BLOCK_CAPTURE_AUTORELEASING = YES;
				CLANG_WARN_BOOL_CONVERSION = YES;
				CLANG_WARN_COMMA = YES;
				CLANG_WARN_CONSTANT_CONVERSION = YES;
				CLANG_WARN_DEPRECATED_OBJC_IMPLEMENTATIONS = YES;
				CLANG_WARN_DIRECT_OBJC_ISA_USAGE = YES_ERROR;
				CLANG_WARN_DOCUMENTATION_COMMENTS = YES;
				CLANG_WARN_EMPTY_BODY = YES;
				CLANG_WARN_ENUM_CONVERSION = YES;
				CLANG_WARN_INFINITE_RECURSION = YES;
				CLANG_WARN_INT_CONVERSION = YES;
				CLANG_WARN_NON_LITERAL_NULL_CONVERSION = YES;
				CLANG_WARN_OBJC_IMPLICIT_RETAIN_SELF = YES;
				CLANG_WARN_OBJC_LITERAL_CONVERSION = YES;
				CLANG_WARN_OBJC_ROOT_CLASS = YES_ERROR;
				CLANG_WARN_QUOTED_INCLUDE_IN_FRAMEWORK_HEADER = YES;
				CLANG_WARN_RANGE_LOOP_ANALYSIS = YES;
				CLANG_WARN_STRICT_PROTOTYPES = YES;
				CLANG_WARN_SUSPICIOUS_MOVE = YES;
				CLANG_WARN_UNGUARDED_AVAILABILITY = YES_AGGRESSIVE;
				CLANG_WARN_UNREACHABLE_CODE = YES;
				CLANG_WARN__DUPLICATE_METHOD_MATCH = YES;
				COPY_PHASE_STRIP = NO;
				DEBUG_INFORMATION_FORMAT = "dwarf-with-dsym";
				ENABLE_NS_ASSERTIONS = NO;
				ENABLE_STRICT_OBJC_MSGSEND = YES;
				ENABLE_USER_SCRIPT_SANDBOXING = YES;
				GCC_C_LANGUAGE_STANDARD = gnu17;
				GCC_NO_COMMON_BLOCKS = YES;
				GCC_WARN_64_TO_32_BIT_CONVERSION = YES;
				GCC_WARN_ABOUT_RETURN_TYPE = YES_ERROR;
				GCC_WARN_UNDECLARED_SELECTOR = YES;
				GCC_WARN_UNINITIALIZED_AUTOS = YES_AGGRESSIVE;
				GCC_WARN_UNUSED_FUNCTION = YES;
				GCC_WARN_UNUSED_VARIABLE = YES;
				IPHONEOS_DEPLOYMENT_TARGET = 17.2;
				LOCALIZATION_PREFERS_STRING_CATALOGS = YES;
				MTL_ENABLE_DEBUG_INFO = NO;
				MTL_FAST_MATH = YES;
				SDKROOT = iphoneos;
				SWIFT_COMPILATION_MODE = wholemodule;
				VALIDATE_PRODUCT = YES;
			};
			name = Release;
		};
		E71DDE802CB26770006C6C54 /* Debug */ = {
			isa = XCBuildConfiguration;
			buildSettings = {
				ASSETCATALOG_COMPILER_APPICON_NAME = AppIcon;
				ASSETCATALOG_COMPILER_GLOBAL_ACCENT_COLOR_NAME = AccentColor;
				CODE_SIGN_STYLE = Automatic;
				CURRENT_PROJECT_VERSION = 1;
				DEVELOPMENT_ASSET_PATHS = "\"Airbnb/Preview Content\"";
				ENABLE_PREVIEWS = YES;
				GENERATE_INFOPLIST_FILE = YES;
				INFOPLIST_KEY_UIApplicationSceneManifest_Generation = YES;
				INFOPLIST_KEY_UIApplicationSupportsIndirectInputEvents = YES;
				INFOPLIST_KEY_UILaunchScreen_Generation = YES;
				INFOPLIST_KEY_UISupportedInterfaceOrientations_iPad = "UIInterfaceOrientationPortrait UIInterfaceOrientationPortraitUpsideDown UIInterfaceOrientationLandscapeLeft UIInterfaceOrientationLandscapeRight";
				INFOPLIST_KEY_UISupportedInterfaceOrientations_iPhone = "UIInterfaceOrientationPortrait UIInterfaceOrientationLandscapeLeft UIInterfaceOrientationLandscapeRight";
				LD_RUNPATH_SEARCH_PATHS = (
					"$(inherited)",
					"@executable_path/Frameworks",
				);
				MARKETING_VERSION = 1.0;
				PRODUCT_BUNDLE_IDENTIFIER = com.ibamobile.Airbnb;
				PRODUCT_NAME = "$(TARGET_NAME)";
				SWIFT_EMIT_LOC_STRINGS = YES;
				SWIFT_VERSION = 5.0;
				TARGETED_DEVICE_FAMILY = "1,2";
			};
			name = Debug;
		};
		E71DDE812CB26770006C6C54 /* Release */ = {
			isa = XCBuildConfiguration;
			buildSettings = {
				ASSETCATALOG_COMPILER_APPICON_NAME = AppIcon;
				ASSETCATALOG_COMPILER_GLOBAL_ACCENT_COLOR_NAME = AccentColor;
				CODE_SIGN_STYLE = Automatic;
				CURRENT_PROJECT_VERSION = 1;
				DEVELOPMENT_ASSET_PATHS = "\"Airbnb/Preview Content\"";
				ENABLE_PREVIEWS = YES;
				GENERATE_INFOPLIST_FILE = YES;
				INFOPLIST_KEY_UIApplicationSceneManifest_Generation = YES;
				INFOPLIST_KEY_UIApplicationSupportsIndirectInputEvents = YES;
				INFOPLIST_KEY_UILaunchScreen_Generation = YES;
				INFOPLIST_KEY_UISupportedInterfaceOrientations_iPad = "UIInterfaceOrientationPortrait UIInterfaceOrientationPortraitUpsideDown UIInterfaceOrientationLandscapeLeft UIInterfaceOrientationLandscapeRight";
				INFOPLIST_KEY_UISupportedInterfaceOrientations_iPhone = "UIInterfaceOrientationPortrait UIInterfaceOrientationLandscapeLeft UIInterfaceOrientationLandscapeRight";
				LD_RUNPATH_SEARCH_PATHS = (
					"$(inherited)",
					"@executable_path/Frameworks",
				);
				MARKETING_VERSION = 1.0;
				PRODUCT_BUNDLE_IDENTIFIER = com.ibamobile.Airbnb;
				PRODUCT_NAME = "$(TARGET_NAME)";
				SWIFT_EMIT_LOC_STRINGS = YES;
				SWIFT_VERSION = 5.0;
				TARGETED_DEVICE_FAMILY = "1,2";
			};
			name = Release;
		};
/* End XCBuildConfiguration section */

/* Begin XCConfigurationList section */
		E71DDE6C2CB2676F006C6C54 /* Build configuration list for PBXProject "Airbnb" */ = {
			isa = XCConfigurationList;
			buildConfigurations = (
				E71DDE7D2CB26770006C6C54 /* Debug */,
				E71DDE7E2CB26770006C6C54 /* Release */,
			);
			defaultConfigurationIsVisible = 0;
			defaultConfigurationName = Release;
		};
		E71DDE7F2CB26770006C6C54 /* Build configuration list for PBXNativeTarget "Airbnb" */ = {
			isa = XCConfigurationList;
			buildConfigurations = (
				E71DDE802CB26770006C6C54 /* Debug */,
				E71DDE812CB26770006C6C54 /* Release */,
			);
			defaultConfigurationIsVisible = 0;
			defaultConfigurationName = Release;
		};
/* End XCConfigurationList section */
	};
	rootObject = E71DDE692CB2676F006C6C54 /* Project object */;
}
